
Microsoft Visual Studio Solution File, Format Version 12.00
# Visual Studio Version 17
VisualStudioVersion = 17.2.32314.265
MinimumVisualStudioVersion = 10.0.40219.1
Project("{FAE04EC0-301F-11D3-BF4B-00C04F79EFBC}") = "regex_test", "regex_test\regex_test.csproj", "{A5F277FB-C409-4B8B-AFF3-6A5E768287CB}"
EndProject
Global
	GlobalSection(SolutionConfigurationPlatforms) = preSolution
		Debug|Any CPU = Debug|Any CPU
		Release|Any CPU = Release|Any CPU
	EndGlobalSection
	GlobalSection(ProjectConfigurationPlatforms) = postSolution
		{A5F277FB-C409-4B8B-AFF3-6A5E768287CB}.Debug|Any CPU.ActiveCfg = Debug|Any CPU
		{A5F277FB-C409-4B8B-AFF3-6A5E768287CB}.Debug|Any CPU.Build.0 = Debug|Any CPU
		{A5F277FB-C409-4B8B-AFF3-6A5E768287CB}.Release|Any CPU.ActiveCfg = Release|Any CPU
		{A5F277FB-C409-4B8B-AFF3-6A5E768287CB}.Release|Any CPU.Build.0 = Release|Any CPU
	EndGlobalSection
	GlobalSection(SolutionProperties) = preSolution
		HideSolutionNode = FALSE
	EndGlobalSection
	GlobalSection(ExtensibilityGlobals) = postSolution
		SolutionGuid = {DB8E9002-3ECB-4AAF-8F41-676CC0E32F11}
	EndGlobalSection
EndGlobal
